<?xml version="1.0" encoding="utf-8"?>
<Project ToolsVersion="4.0" xmlns="http://schemas.microsoft.com/developer/msbuild/2003">
  <ItemGroup>
    <Filter Include="Source Files">
      <UniqueIdentifier>{4FC737F1-C7A5-4376-A066-2A32D752A2FF}</UniqueIdentifier>
      <Extensions>cpp;c;cc;cxx;def;odl;idl;hpj;bat;asm;asmx</Extensions>
    </Filter>
    <Filter Include="Header Files">
      <UniqueIdentifier>{93995380-89BD-4b04-88EB-625FBE52EBFB}</UniqueIdentifier>
      <Extensions>h;hh;hpp;hxx;hm;inl;inc;ipp;xsd</Extensions>
    </Filter>
    <Filter Include="Resource Files">
      <UniqueIdentifier>{67DA6AB6-F800-4c08-8B7A-83BB121AAD01}</UniqueIdentifier>
      <Extensions>rc;ico;cur;bmp;dlg;rc2;rct;bin;rgs;gif;jpg;jpeg;jpe;resx;tiff;tif;png;wav;mfcribbon-ms</Extensions>
    </Filter>
    <Filter Include="3rdparty">
      <UniqueIdentifier>{f8e98f61-e3fc-46a7-b247-cf855e195711}</UniqueIdentifier>
    </Filter>
    <Filter Include="3rdparty\glad">
      <UniqueIdentifier>{ebd9e414-e5db-42a7-b904-efea9f23d0b5}</UniqueIdentifier>
    </Filter>
    <Filter Include="Header Files\Interfaces">
      <UniqueIdentifier>{48b1c76c-c6ed-4e9d-8b38-3576370b31c1}</UniqueIdentifier>
    </Filter>
    <Filter Include="Header Files\Interfaces\external">
      <UniqueIdentifier>{c5ecdcb3-296f-4f6b-8607-b24298d3ba14}</UniqueIdentifier>
    </Filter>
    <Filter Include="Header Files\Interfaces\internal">
      <UniqueIdentifier>{d35db650-7335-49f5-94b0-9f673904ddc5}</UniqueIdentifier>
    </Filter>
    <Filter Include="Header Files\internal">
      <UniqueIdentifier>{499cad08-2577-4488-8c6f-3987448607b4}</UniqueIdentifier>
    </Filter>
    <Filter Include="Header Files\external">
      <UniqueIdentifier>{f8cf8d7c-256b-4e3c-8632-d2ab1651ec74}</UniqueIdentifier>
    </Filter>
    <Filter Include="Source Files\internal">
      <UniqueIdentifier>{0442b038-28bf-4e7a-af1d-dbfdecab569f}</UniqueIdentifier>
    </Filter>
    <Filter Include="Source Files\external">
      <UniqueIdentifier>{7c02ba28-00a7-442c-a607-69309bb972fb}</UniqueIdentifier>
    </Filter>
    <Filter Include="Header Files\utility">
      <UniqueIdentifier>{c37eee44-4dc7-4c8d-8d4e-11684d0b8449}</UniqueIdentifier>
    </Filter>
  </ItemGroup>
  <ItemGroup>
    <ClCompile Include="Engine.cpp">
      <Filter>Source Files</Filter>
    </ClCompile>
    <ClCompile Include="EngineStatus.cpp">
      <Filter>Source Files</Filter>
    </ClCompile>
    <ClCompile Include="Texture.cpp">
      <Filter>Source Files</Filter>
    </ClCompile>
    <ClCompile Include="Renderer2D.cpp">
      <Filter>Source Files</Filter>
    </ClCompile>
    <ClCompile Include="Window.cpp">
      <Filter>Source Files</Filter>
    </ClCompile>
    <ClCompile Include="Shader.cpp">
      <Filter>Source Files</Filter>
    </ClCompile>
    <ClCompile Include="InputState.cpp">
      <Filter>Source Files</Filter>
    </ClCompile>
    <ClCompile Include="3rdparty\imgui_impl_glfw.cpp">
      <Filter>3rdparty</Filter>
    </ClCompile>
    <ClCompile Include="3rdparty\imgui_impl_opengl3.cpp">
      <Filter>3rdparty</Filter>
    </ClCompile>
    <ClCompile Include="3rdparty\glad.c">
      <Filter>3rdparty\glad</Filter>
    </ClCompile>
    <ClCompile Include="3rdparty\stb_image.cpp">
      <Filter>3rdparty</Filter>
    </ClCompile>
    <ClCompile Include="Input.cpp">
      <Filter>Source Files</Filter>
    </ClCompile>
    <ClCompile Include="Animation.cpp">
      <Filter>Source Files</Filter>
    </ClCompile>
    <ClCompile Include="Sprite.cpp">
      <Filter>Source Files</Filter>
    </ClCompile>
    <ClCompile Include="Framebuffer.cpp">
      <Filter>Source Files</Filter>
    </ClCompile>
    <ClCompile Include="ScreenFramebuffer.cpp">
      <Filter>Source Files</Filter>
    </ClCompile>
    <ClCompile Include="PixelQuadRenderer.cpp">
      <Filter>Source Files</Filter>
    </ClCompile>
    <ClCompile Include="Viewport.cpp">
      <Filter>Source Files</Filter>
    </ClCompile>
    <ClCompile Include="GLStateMachine.cpp">
      <Filter>Source Files</Filter>
    </ClCompile>
    <ClCompile Include="DebugRenderer.cpp">
      <Filter>Source Files</Filter>
    </ClCompile>
    <ClCompile Include="GLFWWindowOpenGL.cpp">
      <Filter>Source Files\internal</Filter>
    </ClCompile>
    <ClCompile Include="GLFWOpenGL33WindowInitializer.cpp">
      <Filter>Source Files\internal</Filter>
    </ClCompile>
    <ClCompile Include="OpenGLRenderingAPI.cpp">
      <Filter>Source Files\internal</Filter>
    </ClCompile>
    <ClCompile Include="MouseInputInternal.cpp">
      <Filter>Source Files\internal</Filter>
    </ClCompile>
    <ClCompile Include="KeyboardInputInternal.cpp">
      <Filter>Source Files\internal</Filter>
    </ClCompile>
    <ClCompile Include="iQuadRendering.h">
      <Filter>Header Files\Interfaces\external</Filter>
    </ClCompile>
    <ClCompile Include="Camera2Dold.cpp">
      <Filter>Source Files</Filter>
    </ClCompile>
    <ClCompile Include="OpenGLFrameBuffer.cpp">
      <Filter>Source Files</Filter>
    </ClCompile>
    <ClCompile Include="OpenGLFramebufferFullscreenRenderer.cpp">
      <Filter>Source Files</Filter>
    </ClCompile>
    <ClCompile Include="OpenGLQuadRendering.cpp">
      <Filter>Source Files</Filter>
    </ClCompile>
    <ClCompile Include="OpenGLFullscreenRendering.cpp">
      <Filter>Source Files</Filter>
    </ClCompile>
    <ClCompile Include="OpenGLRenderingFactory.cpp">
      <Filter>Source Files</Filter>
    </ClCompile>
    <ClCompile Include="GLFWWindowFactory.cpp">
      <Filter>Source Files</Filter>
    </ClCompile>
  </ItemGroup>
  <ItemGroup>
    <ClInclude Include="3rdparty\imgui_impl_glfw.h">
      <Filter>3rdparty</Filter>
    </ClInclude>
    <ClInclude Include="3rdparty\imgui_impl_opengl3.h">
      <Filter>3rdparty</Filter>
    </ClInclude>
    <ClInclude Include="Renderer2D.h">
      <Filter>Header Files</Filter>
    </ClInclude>
    <ClInclude Include="EngineStatus.h">
      <Filter>Header Files</Filter>
    </ClInclude>
    <ClInclude Include="Engine.h">
      <Filter>Header Files</Filter>
    </ClInclude>
    <ClInclude Include="Texture.h">
      <Filter>Header Files</Filter>
    </ClInclude>
    <ClInclude Include="Shader.h">
      <Filter>Header Files</Filter>
    </ClInclude>
    <ClInclude Include="InputState.h">
      <Filter>Header Files</Filter>
    </ClInclude>
    <ClInclude Include="Window.h">
      <Filter>Header Files</Filter>
    </ClInclude>
    <ClInclude Include="3rdparty\glad\glad.h">
      <Filter>3rdparty\glad</Filter>
    </ClInclude>
    <ClInclude Include="3rdparty\KHR\khrplatform.h">
      <Filter>3rdparty\glad</Filter>
    </ClInclude>
    <ClInclude Include="3rdparty\stb_image.h">
      <Filter>3rdparty</Filter>
    </ClInclude>
    <ClInclude Include="Input.h">
      <Filter>Header Files</Filter>
    </ClInclude>
    <ClInclude Include="Animation.h">
      <Filter>Header Files</Filter>
    </ClInclude>
    <ClInclude Include="Sprite.h">
      <Filter>Header Files</Filter>
    </ClInclude>
    <ClInclude Include="Framebuffer.h">
      <Filter>Header Files</Filter>
    </ClInclude>
    <ClInclude Include="ScreenFramebuffer.h">
      <Filter>Header Files</Filter>
    </ClInclude>
    <ClInclude Include="PixelQuadRenderer.h">
      <Filter>Header Files</Filter>
    </ClInclude>
    <ClInclude Include="Viewport.h">
      <Filter>Header Files</Filter>
    </ClInclude>
    <ClInclude Include="GLStateMachine.h">
      <Filter>Header Files</Filter>
    </ClInclude>
    <ClInclude Include="DebugRenderer.h">
      <Filter>Header Files</Filter>
    </ClInclude>
    <ClInclude Include="iAudioAPI.h">
      <Filter>Header Files\Interfaces\external</Filter>
    </ClInclude>
    <ClInclude Include="iDebugRendererAPI.h">
      <Filter>Header Files\Interfaces\external</Filter>
    </ClInclude>
    <ClInclude Include="iRenderingAPI.h">
      <Filter>Header Files\Interfaces\external</Filter>
    </ClInclude>
    <ClInclude Include="iWindowAPI.h">
      <Filter>Header Files\Interfaces\external</Filter>
    </ClInclude>
    <ClInclude Include="iWindowInternalAPI.h">
      <Filter>Header Files\Interfaces\internal</Filter>
    </ClInclude>
    <ClInclude Include="GLFWWindowOpenGL.h">
      <Filter>Header Files\internal</Filter>
    </ClInclude>
    <ClInclude Include="iWindowInitializer.h">
      <Filter>Header Files\Interfaces\internal</Filter>
    </ClInclude>
    <ClInclude Include="iRenderingInternalAPI.h">
      <Filter>Header Files\Interfaces\internal</Filter>
    </ClInclude>
    <ClInclude Include="GLFWOpenGL33WindowInitializer.h">
      <Filter>Header Files\internal</Filter>
    </ClInclude>
    <ClInclude Include="OpenGLRenderingAPI.h">
      <Filter>Header Files\internal</Filter>
    </ClInclude>
    <ClInclude Include="no_copy_no_move.h">
      <Filter>Header Files\utility</Filter>
    </ClInclude>
    <ClInclude Include="iKeyboardInput.h">
      <Filter>Header Files\Interfaces\external</Filter>
    </ClInclude>
    <ClInclude Include="iMouseInput.h">
      <Filter>Header Files\Interfaces\external</Filter>
    </ClInclude>
    <ClInclude Include="InputAPI.h">
      <Filter>Header Files\external</Filter>
    </ClInclude>
    <ClInclude Include="KeyboardInputInternal.h">
      <Filter>Header Files</Filter>
    </ClInclude>
    <ClInclude Include="iWindowLinkable.h">
      <Filter>Header Files\Interfaces\internal</Filter>
    </ClInclude>
    <ClInclude Include="MouseInputInternal.h">
      <Filter>Header Files</Filter>
    </ClInclude>
    <ClInclude Include="iQuadRenderingInternal.h">
      <Filter>Header Files\Interfaces\internal</Filter>
    </ClInclude>
    <ClInclude Include="Camera2Dold.h">
      <Filter>Header Files</Filter>
    </ClInclude>
    <ClInclude Include="Camera2d.h">
      <Filter>Header Files</Filter>
    </ClInclude>
    <ClInclude Include="iFramebuffer.h">
      <Filter>Header Files\Interfaces\internal</Filter>
    </ClInclude>
    <ClInclude Include="OpenGLFrameBuffer.h">
      <Filter>Header Files</Filter>
    </ClInclude>
    <ClInclude Include="iFramebufferFullscreenRenderer.h">
      <Filter>Header Files\Interfaces\internal</Filter>
    </ClInclude>
    <ClInclude Include="OpenGLFramebufferFullscreenRenderer.h">
      <Filter>Header Files</Filter>
    </ClInclude>
    <ClInclude Include="OpenGLQuadRendering.h">
      <Filter>Header Files</Filter>
    </ClInclude>
    <ClInclude Include="iFullscreenRendering.h">
      <Filter>Header Files\Interfaces\internal</Filter>
    </ClInclude>
    <ClInclude Include="OpenGLFullscreenRendering.h">
      <Filter>Header Files</Filter>
    </ClInclude>
    <ClInclude Include="iRenderingClassesFactory.h">
      <Filter>Header Files\Interfaces\external</Filter>
    </ClInclude>
    <ClInclude Include="OpenGLRenderingFactory.h">
      <Filter>Header Files</Filter>
    </ClInclude>
    <ClInclude Include="iWindowFactory.h">
      <Filter>Header Files\Interfaces\external</Filter>
    </ClInclude>
    <ClInclude Include="GLFWWindowFactory.h">
      <Filter>Header Files</Filter>
    </ClInclude>
  </ItemGroup>
</Project>