<?xml version="1.0" encoding="utf-8"?>
<Project ToolsVersion="4.0" xmlns="http://schemas.microsoft.com/developer/msbuild/2003">
  <ItemGroup>
    <Filter Include="Source Files">
      <UniqueIdentifier>{4FC737F1-C7A5-4376-A066-2A32D752A2FF}</UniqueIdentifier>
      <Extensions>cpp;c;cc;cxx;def;odl;idl;hpj;bat;asm;asmx</Extensions>
    </Filter>
    <Filter Include="Header Files">
      <UniqueIdentifier>{93995380-89BD-4b04-88EB-625FBE52EBFB}</UniqueIdentifier>
      <Extensions>h;hh;hpp;hxx;hm;inl;inc;ipp;xsd</Extensions>
    </Filter>
    <Filter Include="Resource Files">
      <UniqueIdentifier>{67DA6AB6-F800-4c08-8B7A-83BB121AAD01}</UniqueIdentifier>
      <Extensions>rc;ico;cur;bmp;dlg;rc2;rct;bin;rgs;gif;jpg;jpeg;jpe;resx;tiff;tif;png;wav;mfcribbon-ms</Extensions>
    </Filter>
    <Filter Include="3rdparty">
      <UniqueIdentifier>{f8e98f61-e3fc-46a7-b247-cf855e195711}</UniqueIdentifier>
    </Filter>
    <Filter Include="3rdparty\glad">
      <UniqueIdentifier>{ebd9e414-e5db-42a7-b904-efea9f23d0b5}</UniqueIdentifier>
    </Filter>
    <Filter Include="Header Files\Interfaces">
      <UniqueIdentifier>{48b1c76c-c6ed-4e9d-8b38-3576370b31c1}</UniqueIdentifier>
    </Filter>
    <Filter Include="Header Files\Interfaces\external">
      <UniqueIdentifier>{c5ecdcb3-296f-4f6b-8607-b24298d3ba14}</UniqueIdentifier>
    </Filter>
    <Filter Include="Header Files\Interfaces\internal">
      <UniqueIdentifier>{d35db650-7335-49f5-94b0-9f673904ddc5}</UniqueIdentifier>
    </Filter>
    <Filter Include="Header Files\internal">
      <UniqueIdentifier>{499cad08-2577-4488-8c6f-3987448607b4}</UniqueIdentifier>
    </Filter>
    <Filter Include="Header Files\external">
      <UniqueIdentifier>{f8cf8d7c-256b-4e3c-8632-d2ab1651ec74}</UniqueIdentifier>
    </Filter>
    <Filter Include="Source Files\internal">
      <UniqueIdentifier>{0442b038-28bf-4e7a-af1d-dbfdecab569f}</UniqueIdentifier>
    </Filter>
    <Filter Include="Source Files\external">
      <UniqueIdentifier>{7c02ba28-00a7-442c-a607-69309bb972fb}</UniqueIdentifier>
    </Filter>
    <Filter Include="Header Files\utility">
      <UniqueIdentifier>{c37eee44-4dc7-4c8d-8d4e-11684d0b8449}</UniqueIdentifier>
    </Filter>
    <Filter Include="Header Files\Core">
      <UniqueIdentifier>{af3c2080-f17d-4fa2-be2a-1199e2611f37}</UniqueIdentifier>
    </Filter>
    <Filter Include="Header Files\Core\Input">
      <UniqueIdentifier>{556dc750-fbbd-4008-9997-dccbc7277a0c}</UniqueIdentifier>
    </Filter>
    <Filter Include="Header Files\Core\Audio">
      <UniqueIdentifier>{b11abe04-f315-4daa-9b4e-736da49a950b}</UniqueIdentifier>
    </Filter>
    <Filter Include="Header Files\Core\Rendering">
      <UniqueIdentifier>{f6aa7a5c-b356-43bd-a9a2-7fc6784210cd}</UniqueIdentifier>
    </Filter>
    <Filter Include="Header Files\Core\Rendering\OpenGL_GLFW">
      <UniqueIdentifier>{f272fb77-41ba-43da-829c-920cab14accf}</UniqueIdentifier>
    </Filter>
    <Filter Include="Header Files\Core\Rendering\Interfaces">
      <UniqueIdentifier>{4405ce81-be15-4685-82ce-d3d183248e7e}</UniqueIdentifier>
    </Filter>
    <Filter Include="Header Files\Core\Windowing">
      <UniqueIdentifier>{4d9b4381-7b21-4bbc-b1ea-b60b1947cee9}</UniqueIdentifier>
    </Filter>
    <Filter Include="Header Files\Core\Windowing\Interfaces">
      <UniqueIdentifier>{a3d5ccd2-dc64-4fd4-b544-cf11f041834d}</UniqueIdentifier>
    </Filter>
    <Filter Include="Header Files\Editor">
      <UniqueIdentifier>{2124f651-c1a1-42c5-be69-b6c7c6944cc8}</UniqueIdentifier>
    </Filter>
    <Filter Include="Source Files\Editor">
      <UniqueIdentifier>{9fbd26f5-b375-4eb0-a1b4-897f3ee1b265}</UniqueIdentifier>
    </Filter>
  </ItemGroup>
  <ItemGroup>
    <ClCompile Include="EngineStatus.cpp">
      <Filter>Source Files</Filter>
    </ClCompile>
    <ClCompile Include="Texture.cpp">
      <Filter>Source Files</Filter>
    </ClCompile>
    <ClCompile Include="3rdparty\imgui_impl_glfw.cpp">
      <Filter>3rdparty</Filter>
    </ClCompile>
    <ClCompile Include="3rdparty\imgui_impl_opengl3.cpp">
      <Filter>3rdparty</Filter>
    </ClCompile>
    <ClCompile Include="3rdparty\glad.c">
      <Filter>3rdparty\glad</Filter>
    </ClCompile>
    <ClCompile Include="3rdparty\stb_image.cpp">
      <Filter>3rdparty</Filter>
    </ClCompile>
    <ClCompile Include="Viewport.cpp">
      <Filter>Source Files</Filter>
    </ClCompile>
    <ClCompile Include="MouseInputInternal.cpp">
      <Filter>Source Files\internal</Filter>
    </ClCompile>
    <ClCompile Include="KeyboardInputInternal.cpp">
      <Filter>Source Files\internal</Filter>
    </ClCompile>
    <ClCompile Include="jleCore.cpp">
      <Filter>Source Files</Filter>
    </ClCompile>
    <ClCompile Include="jleGameEngine.cpp">
      <Filter>Source Files</Filter>
    </ClCompile>
    <ClCompile Include="Shader_OpenGL.cpp">
      <Filter>Source Files</Filter>
    </ClCompile>
    <ClCompile Include="RenderingFactory_OpenGL.cpp">
      <Filter>Source Files</Filter>
    </ClCompile>
    <ClCompile Include="QuadRendering_OpenGL.cpp">
      <Filter>Source Files</Filter>
    </ClCompile>
    <ClCompile Include="FrameBuffer_OpenGL.cpp">
      <Filter>Source Files</Filter>
    </ClCompile>
    <ClCompile Include="FullscreenRendering_OpenGL.cpp">
      <Filter>Source Files</Filter>
    </ClCompile>
    <ClCompile Include="FramebufferFullscreenRenderer_OpenGL.cpp">
      <Filter>Source Files</Filter>
    </ClCompile>
    <ClCompile Include="RenderingAPI_OpenGL.cpp">
      <Filter>Source Files\internal</Filter>
    </ClCompile>
    <ClCompile Include="WindowFactory_GLFW.cpp">
      <Filter>Source Files</Filter>
    </ClCompile>
    <ClCompile Include="WindowInitializer_GLFW_OpenGL.cpp">
      <Filter>Source Files\internal</Filter>
    </ClCompile>
    <ClCompile Include="Window_GLFW_OpenGL.cpp">
      <Filter>Source Files\internal</Filter>
    </ClCompile>
    <ClCompile Include="GLState.cpp">
      <Filter>Source Files</Filter>
    </ClCompile>
    <ClCompile Include="iQuadRendering.h">
      <Filter>Header Files\Core\Rendering\Interfaces</Filter>
    </ClCompile>
    <ClCompile Include="jleGame.cpp">
      <Filter>Source Files</Filter>
    </ClCompile>
    <ClCompile Include="GameEditorWindow.cpp">
      <Filter>Source Files\Editor</Filter>
    </ClCompile>
    <ClCompile Include="jleEditor.cpp">
      <Filter>Source Files\Editor</Filter>
    </ClCompile>
    <ClCompile Include="GameAssets.cpp">
      <Filter>Source Files</Filter>
    </ClCompile>
    <ClCompile Include="Image.cpp">
      <Filter>Source Files</Filter>
    </ClCompile>
    <ClCompile Include="iTexture.cpp">
      <Filter>Source Files</Filter>
    </ClCompile>
    <ClCompile Include="TextureCreator_OpenGL.cpp">
      <Filter>Source Files</Filter>
    </ClCompile>
    <ClCompile Include="EditorWindowsPanel.cpp">
      <Filter>Source Files\Editor</Filter>
    </ClCompile>
    <ClCompile Include="EditorGameControllerWindow.cpp">
      <Filter>Source Files\Editor</Filter>
    </ClCompile>
    <ClCompile Include="ConsoleEditorWindow.cpp">
      <Filter>Source Files\Editor</Filter>
    </ClCompile>
    <ClCompile Include="EditorBackgroundImage.cpp">
      <Filter>Source Files\Editor</Filter>
    </ClCompile>
    <ClCompile Include="jleScene.cpp">
      <Filter>Source Files</Filter>
    </ClCompile>
    <ClCompile Include="jleObject.cpp">
      <Filter>Source Files</Filter>
    </ClCompile>
    <ClCompile Include="jleComponent.cpp">
      <Filter>Source Files</Filter>
    </ClCompile>
    <ClCompile Include="EditorSceneObjectsWindow.cpp">
      <Filter>Source Files</Filter>
    </ClCompile>
    <ClCompile Include="ProfilerWindow.cpp">
      <Filter>Source Files\Editor</Filter>
    </ClCompile>
    <ClCompile Include="3rdparty\gltext.c">
      <Filter>3rdparty</Filter>
    </ClCompile>
    <ClCompile Include="TextRendering_OpenGL.cpp">
      <Filter>Source Files</Filter>
    </ClCompile>
    <ClCompile Include="EngineSettingsWindow.cpp">
      <Filter>Source Files</Filter>
    </ClCompile>
    <ClCompile Include="EditorJsonToImgui.cpp">
      <Filter>Source Files</Filter>
    </ClCompile>
  </ItemGroup>
  <ItemGroup>
    <ClInclude Include="3rdparty\imgui_impl_glfw.h">
      <Filter>3rdparty</Filter>
    </ClInclude>
    <ClInclude Include="3rdparty\imgui_impl_opengl3.h">
      <Filter>3rdparty</Filter>
    </ClInclude>
    <ClInclude Include="EngineStatus.h">
      <Filter>Header Files</Filter>
    </ClInclude>
    <ClInclude Include="Texture.h">
      <Filter>Header Files</Filter>
    </ClInclude>
    <ClInclude Include="3rdparty\glad\glad.h">
      <Filter>3rdparty\glad</Filter>
    </ClInclude>
    <ClInclude Include="3rdparty\KHR\khrplatform.h">
      <Filter>3rdparty\glad</Filter>
    </ClInclude>
    <ClInclude Include="3rdparty\stb_image.h">
      <Filter>3rdparty</Filter>
    </ClInclude>
    <ClInclude Include="Viewport.h">
      <Filter>Header Files</Filter>
    </ClInclude>
    <ClInclude Include="iDebugRendererAPI.h">
      <Filter>Header Files\Interfaces\external</Filter>
    </ClInclude>
    <ClInclude Include="no_copy_no_move.h">
      <Filter>Header Files\utility</Filter>
    </ClInclude>
    <ClInclude Include="Camera2d.h">
      <Filter>Header Files</Filter>
    </ClInclude>
    <ClInclude Include="iFramebufferFullscreenRenderer.h">
      <Filter>Header Files\Interfaces\internal</Filter>
    </ClInclude>
    <ClInclude Include="iFullscreenRendering.h">
      <Filter>Header Files\Interfaces\internal</Filter>
    </ClInclude>
    <ClInclude Include="jleGameEngine.h">
      <Filter>Header Files</Filter>
    </ClInclude>
    <ClInclude Include="jleCore.h">
      <Filter>Header Files\Core</Filter>
    </ClInclude>
    <ClInclude Include="KeyboardInputInternal.h">
      <Filter>Header Files\Core\Input</Filter>
    </ClInclude>
    <ClInclude Include="MouseInputInternal.h">
      <Filter>Header Files\Core\Input</Filter>
    </ClInclude>
    <ClInclude Include="iMouseInput.h">
      <Filter>Header Files\Core\Input</Filter>
    </ClInclude>
    <ClInclude Include="iKeyboardInput.h">
      <Filter>Header Files\Core\Input</Filter>
    </ClInclude>
    <ClInclude Include="iAudioAPI.h">
      <Filter>Header Files\Core\Audio</Filter>
    </ClInclude>
    <ClInclude Include="WindowFactory_GLFW.h">
      <Filter>Header Files\Core\Rendering\OpenGL_GLFW</Filter>
    </ClInclude>
    <ClInclude Include="Shader_OpenGL.h">
      <Filter>Header Files\Core\Rendering\OpenGL_GLFW</Filter>
    </ClInclude>
    <ClInclude Include="FrameBuffer_OpenGL.h">
      <Filter>Header Files\Core\Rendering\OpenGL_GLFW</Filter>
    </ClInclude>
    <ClInclude Include="FramebufferFullscreenRenderer_OpenGL.h">
      <Filter>Header Files\Core\Rendering\OpenGL_GLFW</Filter>
    </ClInclude>
    <ClInclude Include="FullscreenRendering_OpenGL.h">
      <Filter>Header Files\Core\Rendering\OpenGL_GLFW</Filter>
    </ClInclude>
    <ClInclude Include="QuadRendering_OpenGL.h">
      <Filter>Header Files\Core\Rendering\OpenGL_GLFW</Filter>
    </ClInclude>
    <ClInclude Include="RenderingFactory_OpenGL.h">
      <Filter>Header Files\Core\Rendering\OpenGL_GLFW</Filter>
    </ClInclude>
    <ClInclude Include="GLState.h">
      <Filter>Header Files\Core\Rendering\OpenGL_GLFW</Filter>
    </ClInclude>
    <ClInclude Include="InputAPI.h">
      <Filter>Header Files\Core\Input</Filter>
    </ClInclude>
    <ClInclude Include="iFramebuffer.h">
      <Filter>Header Files\Core\Rendering\Interfaces</Filter>
    </ClInclude>
    <ClInclude Include="iQuadRenderingInternal.h">
      <Filter>Header Files\Core\Rendering\Interfaces</Filter>
    </ClInclude>
    <ClInclude Include="iRenderingInternalAPI.h">
      <Filter>Header Files\Core\Rendering\Interfaces</Filter>
    </ClInclude>
    <ClInclude Include="RenderingAPI_OpenGL.h">
      <Filter>Header Files\Core\Rendering\OpenGL_GLFW</Filter>
    </ClInclude>
    <ClInclude Include="WindowInitializer_GLFW_OpenGL.h">
      <Filter>Header Files\Core\Rendering\OpenGL_GLFW</Filter>
    </ClInclude>
    <ClInclude Include="Window_GLFW_OpenGL.h">
      <Filter>Header Files\Core\Rendering\OpenGL_GLFW</Filter>
    </ClInclude>
    <ClInclude Include="iWindowInternalAPI.h">
      <Filter>Header Files\Core\Windowing\Interfaces</Filter>
    </ClInclude>
    <ClInclude Include="iWindowLinkable.h">
      <Filter>Header Files\Core\Windowing\Interfaces</Filter>
    </ClInclude>
    <ClInclude Include="iWindowInitializer.h">
      <Filter>Header Files\Core\Windowing\Interfaces</Filter>
    </ClInclude>
    <ClInclude Include="iRenderingAPI.h">
      <Filter>Header Files\Core\Rendering\Interfaces</Filter>
    </ClInclude>
    <ClInclude Include="iRenderingFactory.h">
      <Filter>Header Files\Core\Rendering\Interfaces</Filter>
    </ClInclude>
    <ClInclude Include="iWindowAPI.h">
      <Filter>Header Files\Core\Windowing\Interfaces</Filter>
    </ClInclude>
    <ClInclude Include="iWindowFactory.h">
      <Filter>Header Files\Core\Windowing\Interfaces</Filter>
    </ClInclude>
    <ClInclude Include="jleGame.h">
      <Filter>Header Files</Filter>
    </ClInclude>
    <ClInclude Include="iEditorImGuiWindow.h">
      <Filter>Header Files\Editor</Filter>
    </ClInclude>
    <ClInclude Include="jleEditor.h">
      <Filter>Header Files\Editor</Filter>
    </ClInclude>
    <ClInclude Include="GameEditorWindow.h">
      <Filter>Header Files\Editor</Filter>
    </ClInclude>
    <ClInclude Include="GameAssets.h">
      <Filter>Header Files</Filter>
    </ClInclude>
    <ClInclude Include="Image.h">
      <Filter>Header Files</Filter>
    </ClInclude>
    <ClInclude Include="iTexture.h">
      <Filter>Header Files</Filter>
    </ClInclude>
    <ClInclude Include="iTextureCreator.h">
      <Filter>Header Files</Filter>
    </ClInclude>
    <ClInclude Include="TextureCreator_OpenGL.h">
      <Filter>Header Files</Filter>
    </ClInclude>
    <ClInclude Include="EditorBackgroundImage.h">
      <Filter>Header Files\Editor</Filter>
    </ClInclude>
    <ClInclude Include="ConsoleEditorWindow.h">
      <Filter>Header Files\Editor</Filter>
    </ClInclude>
    <ClInclude Include="EditorWindowsPanel.h">
      <Filter>Header Files\Editor</Filter>
    </ClInclude>
    <ClInclude Include="JLE_ENGINE_CONFIG.h">
      <Filter>Header Files</Filter>
    </ClInclude>
    <ClInclude Include="jleScene.h">
      <Filter>Header Files</Filter>
    </ClInclude>
    <ClInclude Include="jleObject.h">
      <Filter>Header Files</Filter>
    </ClInclude>
    <ClInclude Include="jleComponent.h">
      <Filter>Header Files</Filter>
    </ClInclude>
    <ClInclude Include="jleTypeReflectionUtils.h">
      <Filter>Header Files</Filter>
    </ClInclude>
    <ClInclude Include="3rdparty\json.hpp">
      <Filter>3rdparty</Filter>
    </ClInclude>
    <ClInclude Include="jleJson.h">
      <Filter>Header Files</Filter>
    </ClInclude>
    <ClInclude Include="EditorGameControllerWindow.h">
      <Filter>Header Files\Editor</Filter>
    </ClInclude>
    <ClInclude Include="ProfilerWindow.h">
      <Filter>Header Files\Editor</Filter>
    </ClInclude>
    <ClInclude Include="ImGuiProfilerRenderer.h">
      <Filter>Header Files\Editor</Filter>
    </ClInclude>
    <ClInclude Include="jleResourceHolder.h">
      <Filter>Header Files</Filter>
    </ClInclude>
    <ClInclude Include="FileLoadInterface.h">
      <Filter>Header Files</Filter>
    </ClInclude>
    <ClInclude Include="3rdparty\gltext.h">
      <Filter>3rdparty</Filter>
    </ClInclude>
    <ClInclude Include="iTextRendering.h">
      <Filter>Header Files\Core\Rendering\Interfaces</Filter>
    </ClInclude>
    <ClInclude Include="iTextRenderingInternal.h">
      <Filter>Header Files\Core\Rendering\Interfaces</Filter>
    </ClInclude>
    <ClInclude Include="TextRendering_OpenGL.h">
      <Filter>Header Files\Core\Rendering\OpenGL_GLFW</Filter>
    </ClInclude>
    <ClInclude Include="jleGameSettings.h">
      <Filter>Header Files</Filter>
    </ClInclude>
    <ClInclude Include="jleCoreSettings.h">
      <Filter>Header Files</Filter>
    </ClInclude>
    <ClInclude Include="jleWindowSettings.h">
      <Filter>Header Files\Core\Windowing\Interfaces</Filter>
    </ClInclude>
    <ClInclude Include="jleEngineInternalAPIs.h">
      <Filter>Header Files</Filter>
    </ClInclude>
    <ClInclude Include="jleKickStarter.h">
      <Filter>Header Files</Filter>
    </ClInclude>
    <ClInclude Include="jleEditorSettings.h">
      <Filter>Header Files</Filter>
    </ClInclude>
    <ClInclude Include="jleConfigUtils.h">
      <Filter>Header Files</Filter>
    </ClInclude>
    <ClInclude Include="EditorSceneObjectsWindow.h">
      <Filter>Header Files\Editor</Filter>
    </ClInclude>
    <ClInclude Include="EngineSettingsWindow.h">
      <Filter>Header Files\Editor</Filter>
    </ClInclude>
    <ClInclude Include="EditorJsonToImgui.h">
      <Filter>Header Files</Filter>
    </ClInclude>
  </ItemGroup>
</Project>