<?xml version="1.0" encoding="utf-8"?>
<Project ToolsVersion="4.0" xmlns="http://schemas.microsoft.com/developer/msbuild/2003">
  <ItemGroup>
    <Filter Include="Source Files">
      <UniqueIdentifier>{4FC737F1-C7A5-4376-A066-2A32D752A2FF}</UniqueIdentifier>
      <Extensions>cpp;c;cc;cxx;c++;cppm;ixx;def;odl;idl;hpj;bat;asm;asmx</Extensions>
    </Filter>
    <Filter Include="Header Files">
      <UniqueIdentifier>{93995380-89BD-4b04-88EB-625FBE52EBFB}</UniqueIdentifier>
      <Extensions>h;hh;hpp;hxx;h++;hm;inl;inc;ipp;xsd</Extensions>
    </Filter>
    <Filter Include="Resource Files">
      <UniqueIdentifier>{67DA6AB6-F800-4c08-8B7A-83BB121AAD01}</UniqueIdentifier>
      <Extensions>rc;ico;cur;bmp;dlg;rc2;rct;bin;rgs;gif;jpg;jpeg;jpe;resx;tiff;tif;png;wav;mfcribbon-ms</Extensions>
    </Filter>
  </ItemGroup>
  <ItemGroup>
    <ClCompile Include="main.cpp">
      <Filter>Source Files</Filter>
    </ClCompile>
    <ClCompile Include="Pong2.cpp">
      <Filter>Source Files</Filter>
    </ClCompile>
    <ClCompile Include="cTransform.cpp">
      <Filter>Source Files</Filter>
    </ClCompile>
    <ClCompile Include="oRacket.cpp">
      <Filter>Source Files</Filter>
    </ClCompile>
    <ClCompile Include="cSprite.cpp">
      <Filter>Source Files</Filter>
    </ClCompile>
    <ClCompile Include="oPlayerRacket.cpp">
      <Filter>Source Files</Filter>
    </ClCompile>
    <ClCompile Include="oStaticSprite.cpp">
      <Filter>Source Files</Filter>
    </ClCompile>
  </ItemGroup>
  <ItemGroup>
    <ClInclude Include="Pong2.h">
      <Filter>Header Files</Filter>
    </ClInclude>
    <ClInclude Include="cTransform.h">
      <Filter>Header Files</Filter>
    </ClInclude>
    <ClInclude Include="oRacket.h">
      <Filter>Header Files</Filter>
    </ClInclude>
    <ClInclude Include="cSprite.h">
      <Filter>Header Files</Filter>
    </ClInclude>
    <ClInclude Include="oPlayerRacket.h">
      <Filter>Header Files</Filter>
    </ClInclude>
    <ClInclude Include="oStaticSprite.h">
      <Filter>Header Files</Filter>
    </ClInclude>
  </ItemGroup>
  <ItemGroup>
    <None Include="cpp.hint" />
  </ItemGroup>
</Project>